
Microsoft Visual Studio Solution File, Format Version 12.00
# Visual Studio Version 16
VisualStudioVersion = 16.0.29424.173
MinimumVisualStudioVersion = 10.0.40219.1
Project("{FAE04EC0-301F-11D3-BF4B-00C04F79EFBC}") = "Database", "Database\Database.csproj", "{15A8DADD-1DE3-4D55-88DB-8555F3FDF99A}"
EndProject
Global
	GlobalSection(SolutionConfigurationPlatforms) = preSolution
		Debug|Any CPU = Debug|Any CPU
		Release|Any CPU = Release|Any CPU
	EndGlobalSection
	GlobalSection(ProjectConfigurationPlatforms) = postSolution
		{15A8DADD-1DE3-4D55-88DB-8555F3FDF99A}.Debug|Any CPU.ActiveCfg = Debug|Any CPU
		{15A8DADD-1DE3-4D55-88DB-8555F3FDF99A}.Debug|Any CPU.Build.0 = Debug|Any CPU
		{15A8DADD-1DE3-4D55-88DB-8555F3FDF99A}.Release|Any CPU.ActiveCfg = Release|Any CPU
		{15A8DADD-1DE3-4D55-88DB-8555F3FDF99A}.Release|Any CPU.Build.0 = Release|Any CPU
	EndGlobalSection
	GlobalSection(SolutionProperties) = preSolution
		HideSolutionNode = FALSE
	EndGlobalSection
	GlobalSection(ExtensibilityGlobals) = postSolution
		SolutionGuid = {E3C952A4-4A66-4F3E-9CAA-FDF5EE4B83E7}
	EndGlobalSection
EndGlobal
