
Microsoft Visual Studio Solution File, Format Version 12.00
# Visual Studio Version 16
VisualStudioVersion = 16.0.29424.173
MinimumVisualStudioVersion = 10.0.40219.1
Project("{9A19103F-16F7-4668-BE54-9A1E7A4F7556}") = "Backend.Database", "Backend\Database\Backend.Database.csproj", "{15A8DADD-1DE3-4D55-88DB-8555F3FDF99A}"
EndProject
Project("{9A19103F-16F7-4668-BE54-9A1E7A4F7556}") = "WebClient", "Client\WebClient\WebClient.csproj", "{3D1A7E27-B226-4DEE-A53E-082B6EE1EB75}"
EndProject
Project("{9A19103F-16F7-4668-BE54-9A1E7A4F7556}") = "Backend.Service", "Backend\Service\Backend.Service.csproj", "{EA991BBC-8CC9-443D-92E0-0C224BC533CD}"
EndProject
Project("{2150E333-8FDC-42A3-9474-1A3956D46DE8}") = "Backend", "Backend", "{7AB31F79-E1DE-456F-97E9-71B074273CE4}"
EndProject
Project("{2150E333-8FDC-42A3-9474-1A3956D46DE8}") = "Client", "Client", "{C19744A8-CBFE-4D85-93A0-C9EF73805497}"
EndProject
Project("{2150E333-8FDC-42A3-9474-1A3956D46DE8}") = "Shared", "Shared", "{56F396B9-D858-4BE7-ACE5-3EA33806F862}"
EndProject
Project("{2150E333-8FDC-42A3-9474-1A3956D46DE8}") = "Shared", "Shared", "{9846D258-F14F-47E3-BC36-F25021B1241F}"
EndProject
Project("{9A19103F-16F7-4668-BE54-9A1E7A4F7556}") = "Backend.Shared.Logic", "Backend\Shared\Backend.Shared.Logic\Backend.Shared.Logic.csproj", "{19720FC1-C080-4374-8C20-F24A02117261}"
EndProject
Project("{2150E333-8FDC-42A3-9474-1A3956D46DE8}") = "UnitTest", "UnitTest", "{E46BCE8A-88D0-4D8E-AA5D-2800209ADEB6}"
EndProject
Project("{2150E333-8FDC-42A3-9474-1A3956D46DE8}") = "Backend", "Backend", "{331655D5-8EB3-4604-81C1-0C4534494B75}"
EndProject
Project("{9A19103F-16F7-4668-BE54-9A1E7A4F7556}") = "UnitTest.Backend.Logic", "UnitTest\Backend\UnitTest.Backend.Logic\UnitTest.Backend.Logic.csproj", "{320B8ABB-CF7E-4799-97FA-4E2261651A43}"
EndProject
Project("{9A19103F-16F7-4668-BE54-9A1E7A4F7556}") = "UnitTest.Backend.Database", "UnitTest\Backend\UnitTest.Backend.Database\UnitTest.Backend.Database.csproj", "{161F2373-D235-4D69-BB05-5DE4CF554DBB}"
EndProject
Global
	GlobalSection(SolutionConfigurationPlatforms) = preSolution
		Debug|Any CPU = Debug|Any CPU
		Release|Any CPU = Release|Any CPU
	EndGlobalSection
	GlobalSection(ProjectConfigurationPlatforms) = postSolution
		{15A8DADD-1DE3-4D55-88DB-8555F3FDF99A}.Debug|Any CPU.ActiveCfg = Debug|Any CPU
		{15A8DADD-1DE3-4D55-88DB-8555F3FDF99A}.Debug|Any CPU.Build.0 = Debug|Any CPU
		{15A8DADD-1DE3-4D55-88DB-8555F3FDF99A}.Release|Any CPU.ActiveCfg = Release|Any CPU
		{15A8DADD-1DE3-4D55-88DB-8555F3FDF99A}.Release|Any CPU.Build.0 = Release|Any CPU
		{3D1A7E27-B226-4DEE-A53E-082B6EE1EB75}.Debug|Any CPU.ActiveCfg = Debug|Any CPU
		{3D1A7E27-B226-4DEE-A53E-082B6EE1EB75}.Debug|Any CPU.Build.0 = Debug|Any CPU
		{3D1A7E27-B226-4DEE-A53E-082B6EE1EB75}.Release|Any CPU.ActiveCfg = Release|Any CPU
		{3D1A7E27-B226-4DEE-A53E-082B6EE1EB75}.Release|Any CPU.Build.0 = Release|Any CPU
		{EA991BBC-8CC9-443D-92E0-0C224BC533CD}.Debug|Any CPU.ActiveCfg = Debug|Any CPU
		{EA991BBC-8CC9-443D-92E0-0C224BC533CD}.Debug|Any CPU.Build.0 = Debug|Any CPU
		{EA991BBC-8CC9-443D-92E0-0C224BC533CD}.Release|Any CPU.ActiveCfg = Release|Any CPU
		{EA991BBC-8CC9-443D-92E0-0C224BC533CD}.Release|Any CPU.Build.0 = Release|Any CPU
		{19720FC1-C080-4374-8C20-F24A02117261}.Debug|Any CPU.ActiveCfg = Debug|Any CPU
		{19720FC1-C080-4374-8C20-F24A02117261}.Debug|Any CPU.Build.0 = Debug|Any CPU
		{19720FC1-C080-4374-8C20-F24A02117261}.Release|Any CPU.ActiveCfg = Release|Any CPU
		{19720FC1-C080-4374-8C20-F24A02117261}.Release|Any CPU.Build.0 = Release|Any CPU
		{320B8ABB-CF7E-4799-97FA-4E2261651A43}.Debug|Any CPU.ActiveCfg = Debug|Any CPU
		{320B8ABB-CF7E-4799-97FA-4E2261651A43}.Debug|Any CPU.Build.0 = Debug|Any CPU
		{320B8ABB-CF7E-4799-97FA-4E2261651A43}.Release|Any CPU.ActiveCfg = Release|Any CPU
		{320B8ABB-CF7E-4799-97FA-4E2261651A43}.Release|Any CPU.Build.0 = Release|Any CPU
		{161F2373-D235-4D69-BB05-5DE4CF554DBB}.Debug|Any CPU.ActiveCfg = Debug|Any CPU
		{161F2373-D235-4D69-BB05-5DE4CF554DBB}.Debug|Any CPU.Build.0 = Debug|Any CPU
		{161F2373-D235-4D69-BB05-5DE4CF554DBB}.Release|Any CPU.ActiveCfg = Release|Any CPU
		{161F2373-D235-4D69-BB05-5DE4CF554DBB}.Release|Any CPU.Build.0 = Release|Any CPU
	EndGlobalSection
	GlobalSection(SolutionProperties) = preSolution
		HideSolutionNode = FALSE
	EndGlobalSection
	GlobalSection(NestedProjects) = preSolution
		{15A8DADD-1DE3-4D55-88DB-8555F3FDF99A} = {7AB31F79-E1DE-456F-97E9-71B074273CE4}
		{3D1A7E27-B226-4DEE-A53E-082B6EE1EB75} = {C19744A8-CBFE-4D85-93A0-C9EF73805497}
		{EA991BBC-8CC9-443D-92E0-0C224BC533CD} = {7AB31F79-E1DE-456F-97E9-71B074273CE4}
		{9846D258-F14F-47E3-BC36-F25021B1241F} = {7AB31F79-E1DE-456F-97E9-71B074273CE4}
		{19720FC1-C080-4374-8C20-F24A02117261} = {9846D258-F14F-47E3-BC36-F25021B1241F}
		{331655D5-8EB3-4604-81C1-0C4534494B75} = {E46BCE8A-88D0-4D8E-AA5D-2800209ADEB6}
		{320B8ABB-CF7E-4799-97FA-4E2261651A43} = {331655D5-8EB3-4604-81C1-0C4534494B75}
		{161F2373-D235-4D69-BB05-5DE4CF554DBB} = {331655D5-8EB3-4604-81C1-0C4534494B75}
	EndGlobalSection
	GlobalSection(ExtensibilityGlobals) = postSolution
		SolutionGuid = {0CA9022E-6CB4-46F2-9961-B00EF1271D12}
	EndGlobalSection
EndGlobal
