
Microsoft Visual Studio Solution File, Format Version 12.00
# Visual Studio Version 16
VisualStudioVersion = 16.0.29424.173
MinimumVisualStudioVersion = 10.0.40219.1
Project("{9A19103F-16F7-4668-BE54-9A1E7A4F7556}") = "Database", "Database\Database.csproj", "{15A8DADD-1DE3-4D55-88DB-8555F3FDF99A}"
EndProject
Project("{9A19103F-16F7-4668-BE54-9A1E7A4F7556}") = "Service", "Service\Service.csproj", "{8C1509AB-87F7-4EAB-9A8F-983531B65CE6}"
EndProject
Project("{9A19103F-16F7-4668-BE54-9A1E7A4F7556}") = "WebApiService", "WebApiService\WebApiService\WebApiService.csproj", "{B0BCC8DE-5258-4104-83FB-C85BA606C869}"
EndProject
Project("{9A19103F-16F7-4668-BE54-9A1E7A4F7556}") = "WebClient", "WebClient\WebClient\WebClient.csproj", "{3D1A7E27-B226-4DEE-A53E-082B6EE1EB75}"
EndProject
Project("{2150E333-8FDC-42A3-9474-1A3956D46DE8}") = "Shared", "Shared", "{A4B86E9D-86D7-4CCA-B2D9-F88816BAF8DE}"
EndProject
Project("{2150E333-8FDC-42A3-9474-1A3956D46DE8}") = "Base", "Base", "{29453AE1-4EB3-4457-B5F1-2BDC189E1DF5}"
EndProject
Global
	GlobalSection(SolutionConfigurationPlatforms) = preSolution
		Debug|Any CPU = Debug|Any CPU
		Release|Any CPU = Release|Any CPU
	EndGlobalSection
	GlobalSection(ProjectConfigurationPlatforms) = postSolution
		{15A8DADD-1DE3-4D55-88DB-8555F3FDF99A}.Debug|Any CPU.ActiveCfg = Debug|Any CPU
		{15A8DADD-1DE3-4D55-88DB-8555F3FDF99A}.Debug|Any CPU.Build.0 = Debug|Any CPU
		{15A8DADD-1DE3-4D55-88DB-8555F3FDF99A}.Release|Any CPU.ActiveCfg = Release|Any CPU
		{15A8DADD-1DE3-4D55-88DB-8555F3FDF99A}.Release|Any CPU.Build.0 = Release|Any CPU
		{8C1509AB-87F7-4EAB-9A8F-983531B65CE6}.Debug|Any CPU.ActiveCfg = Debug|Any CPU
		{8C1509AB-87F7-4EAB-9A8F-983531B65CE6}.Debug|Any CPU.Build.0 = Debug|Any CPU
		{8C1509AB-87F7-4EAB-9A8F-983531B65CE6}.Release|Any CPU.ActiveCfg = Release|Any CPU
		{8C1509AB-87F7-4EAB-9A8F-983531B65CE6}.Release|Any CPU.Build.0 = Release|Any CPU
		{B0BCC8DE-5258-4104-83FB-C85BA606C869}.Debug|Any CPU.ActiveCfg = Debug|Any CPU
		{B0BCC8DE-5258-4104-83FB-C85BA606C869}.Debug|Any CPU.Build.0 = Debug|Any CPU
		{B0BCC8DE-5258-4104-83FB-C85BA606C869}.Release|Any CPU.ActiveCfg = Release|Any CPU
		{B0BCC8DE-5258-4104-83FB-C85BA606C869}.Release|Any CPU.Build.0 = Release|Any CPU
		{3D1A7E27-B226-4DEE-A53E-082B6EE1EB75}.Debug|Any CPU.ActiveCfg = Debug|Any CPU
		{3D1A7E27-B226-4DEE-A53E-082B6EE1EB75}.Debug|Any CPU.Build.0 = Debug|Any CPU
		{3D1A7E27-B226-4DEE-A53E-082B6EE1EB75}.Release|Any CPU.ActiveCfg = Release|Any CPU
		{3D1A7E27-B226-4DEE-A53E-082B6EE1EB75}.Release|Any CPU.Build.0 = Release|Any CPU
	EndGlobalSection
	GlobalSection(SolutionProperties) = preSolution
		HideSolutionNode = FALSE
	EndGlobalSection
	GlobalSection(NestedProjects) = preSolution
		{29453AE1-4EB3-4457-B5F1-2BDC189E1DF5} = {A4B86E9D-86D7-4CCA-B2D9-F88816BAF8DE}
	EndGlobalSection
	GlobalSection(ExtensibilityGlobals) = postSolution
		SolutionGuid = {E3C952A4-4A66-4F3E-9CAA-FDF5EE4B83E7}
	EndGlobalSection
EndGlobal
